// !$*UTF8*$!
{
	archiveVersion = 1;
	classes = {
	};
	objectVersion = 50;
	objects = {

/* Begin PBXBuildFile section */
		8420F5C66A85D73F604D285E /* Pods_Forecast.framework in Frameworks */ = {isa = PBXBuildFile; fileRef = 872BA3E9FC6831966AD5F4F1 /* Pods_Forecast.framework */; };
		AB8D13AF2084F6E4009EEF3E /* AppDelegate.swift in Sources */ = {isa = PBXBuildFile; fileRef = AB8D13AE2084F6E4009EEF3E /* AppDelegate.swift */; };
		AB8D13B12084F6E4009EEF3E /* ForecastViewController.swift in Sources */ = {isa = PBXBuildFile; fileRef = AB8D13B02084F6E4009EEF3E /* ForecastViewController.swift */; };
		AB8D13B42084F6E4009EEF3E /* Main.storyboard in Resources */ = {isa = PBXBuildFile; fileRef = AB8D13B22084F6E4009EEF3E /* Main.storyboard */; };
		AB8D13B62084F6E5009EEF3E /* Assets.xcassets in Resources */ = {isa = PBXBuildFile; fileRef = AB8D13B52084F6E5009EEF3E /* Assets.xcassets */; };
		AB8D13B92084F6E5009EEF3E /* LaunchScreen.storyboard in Resources */ = {isa = PBXBuildFile; fileRef = AB8D13B72084F6E5009EEF3E /* LaunchScreen.storyboard */; };
		AB8D13C42084F6E5009EEF3E /* ForecastTests.swift in Sources */ = {isa = PBXBuildFile; fileRef = AB8D13C32084F6E5009EEF3E /* ForecastTests.swift */; };
		AB8D13D82084FEC1009EEF3E /* APILayer.swift in Sources */ = {isa = PBXBuildFile; fileRef = AB8D13D72084FEC1009EEF3E /* APILayer.swift */; };
		AB8D13DA208500D3009EEF3E /* Forecast.swift in Sources */ = {isa = PBXBuildFile; fileRef = AB8D13D9208500D3009EEF3E /* Forecast.swift */; };
		AB8D13DD2085042D009EEF3E /* UIAlertController+Forecast.swift in Sources */ = {isa = PBXBuildFile; fileRef = AB8D13DC2085042D009EEF3E /* UIAlertController+Forecast.swift */; };
		ABC38EE320852CDF00FF2F5E /* ForecastViewModel.swift in Sources */ = {isa = PBXBuildFile; fileRef = ABC38EE220852CDF00FF2F5E /* ForecastViewModel.swift */; };
		B788C1F3B99A88CFCC4A3FA4 /* Pods_ForecastTests.framework in Frameworks */ = {isa = PBXBuildFile; fileRef = A89959D929D8F87513484191 /* Pods_ForecastTests.framework */; };
/* End PBXBuildFile section */

/* Begin PBXContainerItemProxy section */
		AB8D13C02084F6E5009EEF3E /* PBXContainerItemProxy */ = {
			isa = PBXContainerItemProxy;
			containerPortal = AB8D13A32084F6E3009EEF3E /* Project object */;
			proxyType = 1;
			remoteGlobalIDString = AB8D13AA2084F6E4009EEF3E;
			remoteInfo = Forecast;
		};
/* End PBXContainerItemProxy section */

/* Begin PBXFileReference section */
		4C5F641F2AA6F21F5864F2B5 /* Pods-Forecast.debug.xcconfig */ = {isa = PBXFileReference; includeInIndex = 1; lastKnownFileType = text.xcconfig; name = "Pods-Forecast.debug.xcconfig"; path = "Pods/Target Support Files/Pods-Forecast/Pods-Forecast.debug.xcconfig"; sourceTree = "<group>"; };
		815EA332EAF86A54384E7671 /* Pods-Forecast.release.xcconfig */ = {isa = PBXFileReference; includeInIndex = 1; lastKnownFileType = text.xcconfig; name = "Pods-Forecast.release.xcconfig"; path = "Pods/Target Support Files/Pods-Forecast/Pods-Forecast.release.xcconfig"; sourceTree = "<group>"; };
		872BA3E9FC6831966AD5F4F1 /* Pods_Forecast.framework */ = {isa = PBXFileReference; explicitFileType = wrapper.framework; includeInIndex = 0; path = Pods_Forecast.framework; sourceTree = BUILT_PRODUCTS_DIR; };
		98997B378CF1A513640DDC1C /* Pods-ForecastTests.debug.xcconfig */ = {isa = PBXFileReference; includeInIndex = 1; lastKnownFileType = text.xcconfig; name = "Pods-ForecastTests.debug.xcconfig"; path = "Pods/Target Support Files/Pods-ForecastTests/Pods-ForecastTests.debug.xcconfig"; sourceTree = "<group>"; };
		A89959D929D8F87513484191 /* Pods_ForecastTests.framework */ = {isa = PBXFileReference; explicitFileType = wrapper.framework; includeInIndex = 0; path = Pods_ForecastTests.framework; sourceTree = BUILT_PRODUCTS_DIR; };
		AB8D13AB2084F6E4009EEF3E /* Forecast.app */ = {isa = PBXFileReference; explicitFileType = wrapper.application; includeInIndex = 0; path = Forecast.app; sourceTree = BUILT_PRODUCTS_DIR; };
		AB8D13AE2084F6E4009EEF3E /* AppDelegate.swift */ = {isa = PBXFileReference; lastKnownFileType = sourcecode.swift; path = AppDelegate.swift; sourceTree = "<group>"; };
		AB8D13B02084F6E4009EEF3E /* ForecastViewController.swift */ = {isa = PBXFileReference; lastKnownFileType = sourcecode.swift; path = ForecastViewController.swift; sourceTree = "<group>"; };
		AB8D13B32084F6E4009EEF3E /* Base */ = {isa = PBXFileReference; lastKnownFileType = file.storyboard; name = Base; path = Base.lproj/Main.storyboard; sourceTree = "<group>"; };
		AB8D13B52084F6E5009EEF3E /* Assets.xcassets */ = {isa = PBXFileReference; lastKnownFileType = folder.assetcatalog; path = Assets.xcassets; sourceTree = "<group>"; };
		AB8D13B82084F6E5009EEF3E /* Base */ = {isa = PBXFileReference; lastKnownFileType = file.storyboard; name = Base; path = Base.lproj/LaunchScreen.storyboard; sourceTree = "<group>"; };
		AB8D13BA2084F6E5009EEF3E /* Info.plist */ = {isa = PBXFileReference; lastKnownFileType = text.plist.xml; path = Info.plist; sourceTree = "<group>"; };
		AB8D13BF2084F6E5009EEF3E /* ForecastTests.xctest */ = {isa = PBXFileReference; explicitFileType = wrapper.cfbundle; includeInIndex = 0; path = ForecastTests.xctest; sourceTree = BUILT_PRODUCTS_DIR; };
		AB8D13C32084F6E5009EEF3E /* ForecastTests.swift */ = {isa = PBXFileReference; lastKnownFileType = sourcecode.swift; path = ForecastTests.swift; sourceTree = "<group>"; };
		AB8D13C52084F6E5009EEF3E /* Info.plist */ = {isa = PBXFileReference; lastKnownFileType = text.plist.xml; path = Info.plist; sourceTree = "<group>"; };
		AB8D13D72084FEC1009EEF3E /* APILayer.swift */ = {isa = PBXFileReference; fileEncoding = 4; lastKnownFileType = sourcecode.swift; path = APILayer.swift; sourceTree = "<group>"; };
		AB8D13D9208500D3009EEF3E /* Forecast.swift */ = {isa = PBXFileReference; lastKnownFileType = sourcecode.swift; path = Forecast.swift; sourceTree = "<group>"; };
		AB8D13DC2085042D009EEF3E /* UIAlertController+Forecast.swift */ = {isa = PBXFileReference; fileEncoding = 4; lastKnownFileType = sourcecode.swift; path = "UIAlertController+Forecast.swift"; sourceTree = "<group>"; };
		ABC38EE220852CDF00FF2F5E /* ForecastViewModel.swift */ = {isa = PBXFileReference; lastKnownFileType = sourcecode.swift; path = ForecastViewModel.swift; sourceTree = "<group>"; };
		D4BE77AEEDFC03BA44E6D8D8 /* Pods-ForecastTests.release.xcconfig */ = {isa = PBXFileReference; includeInIndex = 1; lastKnownFileType = text.xcconfig; name = "Pods-ForecastTests.release.xcconfig"; path = "Pods/Target Support Files/Pods-ForecastTests/Pods-ForecastTests.release.xcconfig"; sourceTree = "<group>"; };
/* End PBXFileReference section */

/* Begin PBXFrameworksBuildPhase section */
		AB8D13A82084F6E4009EEF3E /* Frameworks */ = {
			isa = PBXFrameworksBuildPhase;
			buildActionMask = 2147483647;
			files = (
				8420F5C66A85D73F604D285E /* Pods_Forecast.framework in Frameworks */,
			);
			runOnlyForDeploymentPostprocessing = 0;
		};
		AB8D13BC2084F6E5009EEF3E /* Frameworks */ = {
			isa = PBXFrameworksBuildPhase;
			buildActionMask = 2147483647;
			files = (
				B788C1F3B99A88CFCC4A3FA4 /* Pods_ForecastTests.framework in Frameworks */,
			);
			runOnlyForDeploymentPostprocessing = 0;
		};
/* End PBXFrameworksBuildPhase section */

/* Begin PBXGroup section */
		00203239EBBAA1E87EF8F540 /* Frameworks */ = {
			isa = PBXGroup;
			children = (
				872BA3E9FC6831966AD5F4F1 /* Pods_Forecast.framework */,
				A89959D929D8F87513484191 /* Pods_ForecastTests.framework */,
			);
			name = Frameworks;
			sourceTree = "<group>";
		};
		A59068E7686A4ECEDEBB0F13 /* Pods */ = {
			isa = PBXGroup;
			children = (
				4C5F641F2AA6F21F5864F2B5 /* Pods-Forecast.debug.xcconfig */,
				815EA332EAF86A54384E7671 /* Pods-Forecast.release.xcconfig */,
				98997B378CF1A513640DDC1C /* Pods-ForecastTests.debug.xcconfig */,
				D4BE77AEEDFC03BA44E6D8D8 /* Pods-ForecastTests.release.xcconfig */,
			);
			name = Pods;
			sourceTree = "<group>";
		};
		AB8D13A22084F6E3009EEF3E = {
			isa = PBXGroup;
			children = (
				AB8D13AD2084F6E4009EEF3E /* Forecast */,
				AB8D13C22084F6E5009EEF3E /* ForecastTests */,
				AB8D13AC2084F6E4009EEF3E /* Products */,
				A59068E7686A4ECEDEBB0F13 /* Pods */,
				00203239EBBAA1E87EF8F540 /* Frameworks */,
			);
			sourceTree = "<group>";
		};
		AB8D13AC2084F6E4009EEF3E /* Products */ = {
			isa = PBXGroup;
			children = (
				AB8D13AB2084F6E4009EEF3E /* Forecast.app */,
				AB8D13BF2084F6E5009EEF3E /* ForecastTests.xctest */,
			);
			name = Products;
			sourceTree = "<group>";
		};
		AB8D13AD2084F6E4009EEF3E /* Forecast */ = {
			isa = PBXGroup;
			children = (
				AB8D13CE2084FE06009EEF3E /* App */,
				AB8D13D32084FE38009EEF3E /* Supporting Files */,
			);
			path = Forecast;
			sourceTree = "<group>";
		};
		AB8D13C22084F6E5009EEF3E /* ForecastTests */ = {
			isa = PBXGroup;
			children = (
				AB8D13C32084F6E5009EEF3E /* ForecastTests.swift */,
				AB8D13C52084F6E5009EEF3E /* Info.plist */,
			);
			path = ForecastTests;
			sourceTree = "<group>";
		};
		AB8D13CE2084FE06009EEF3E /* App */ = {
			isa = PBXGroup;
			children = (
				AB8D13CF2084FE11009EEF3E /* Additionals */,
				AB8D13D02084FE16009EEF3E /* Networking */,
				AB8D13D12084FE1D009EEF3E /* Model */,
				AB8D13D22084FE25009EEF3E /* Modules */,
			);
			path = App;
			sourceTree = "<group>";
		};
		AB8D13CF2084FE11009EEF3E /* Additionals */ = {
			isa = PBXGroup;
			children = (
				AB8D13DB20850417009EEF3E /* Extensions */,
			);
			path = Additionals;
			sourceTree = "<group>";
		};
		AB8D13D02084FE16009EEF3E /* Networking */ = {
			isa = PBXGroup;
			children = (
				AB8D13D72084FEC1009EEF3E /* APILayer.swift */,
			);
			path = Networking;
			sourceTree = "<group>";
		};
		AB8D13D12084FE1D009EEF3E /* Model */ = {
			isa = PBXGroup;
			children = (
				AB8D13D9208500D3009EEF3E /* Forecast.swift */,
			);
			path = Model;
			sourceTree = "<group>";
		};
		AB8D13D22084FE25009EEF3E /* Modules */ = {
			isa = PBXGroup;
			children = (
				AB8D13D42084FE50009EEF3E /* Main */,
			);
			path = Modules;
			sourceTree = "<group>";
		};
		AB8D13D32084FE38009EEF3E /* Supporting Files */ = {
			isa = PBXGroup;
			children = (
				AB8D13AE2084F6E4009EEF3E /* AppDelegate.swift */,
				AB8D13B52084F6E5009EEF3E /* Assets.xcassets */,
				AB8D13B72084F6E5009EEF3E /* LaunchScreen.storyboard */,
				AB8D13BA2084F6E5009EEF3E /* Info.plist */,
			);
			path = "Supporting Files";
			sourceTree = "<group>";
		};
		AB8D13D42084FE50009EEF3E /* Main */ = {
			isa = PBXGroup;
			children = (
				ABC38EE120852CC600FF2F5E /* ViewModel */,
				AB8D13D52084FE5F009EEF3E /* View */,
				AB8D13D62084FE63009EEF3E /* Controller */,
			);
			path = Main;
			sourceTree = "<group>";
		};
		AB8D13D52084FE5F009EEF3E /* View */ = {
			isa = PBXGroup;
			children = (
				AB8D13B22084F6E4009EEF3E /* Main.storyboard */,
			);
			path = View;
			sourceTree = "<group>";
		};
		AB8D13D62084FE63009EEF3E /* Controller */ = {
			isa = PBXGroup;
			children = (
				AB8D13B02084F6E4009EEF3E /* ForecastViewController.swift */,
			);
			path = Controller;
			sourceTree = "<group>";
		};
		AB8D13DB20850417009EEF3E /* Extensions */ = {
			isa = PBXGroup;
			children = (
				AB8D13DC2085042D009EEF3E /* UIAlertController+Forecast.swift */,
			);
			path = Extensions;
			sourceTree = "<group>";
		};
		ABC38EE120852CC600FF2F5E /* ViewModel */ = {
			isa = PBXGroup;
			children = (
				ABC38EE220852CDF00FF2F5E /* ForecastViewModel.swift */,
			);
			path = ViewModel;
			sourceTree = "<group>";
		};
/* End PBXGroup section */

/* Begin PBXNativeTarget section */
		AB8D13AA2084F6E4009EEF3E /* Forecast */ = {
			isa = PBXNativeTarget;
			buildConfigurationList = AB8D13C82084F6E5009EEF3E /* Build configuration list for PBXNativeTarget "Forecast" */;
			buildPhases = (
				EAB9D27BFAF42E4BB516B2C7 /* [CP] Check Pods Manifest.lock */,
				AB8D13A72084F6E4009EEF3E /* Sources */,
				AB8D13A82084F6E4009EEF3E /* Frameworks */,
				AB8D13A92084F6E4009EEF3E /* Resources */,
				B160B7601DFD814503E762EB /* [CP] Embed Pods Frameworks */,
			);
			buildRules = (
			);
			dependencies = (
			);
			name = Forecast;
			productName = Forecast;
			productReference = AB8D13AB2084F6E4009EEF3E /* Forecast.app */;
			productType = "com.apple.product-type.application";
		};
		AB8D13BE2084F6E5009EEF3E /* ForecastTests */ = {
			isa = PBXNativeTarget;
			buildConfigurationList = AB8D13CB2084F6E5009EEF3E /* Build configuration list for PBXNativeTarget "ForecastTests" */;
			buildPhases = (
				B3551CED5F54AA362550C0F3 /* [CP] Check Pods Manifest.lock */,
				AB8D13BB2084F6E5009EEF3E /* Sources */,
				AB8D13BC2084F6E5009EEF3E /* Frameworks */,
				AB8D13BD2084F6E5009EEF3E /* Resources */,
			);
			buildRules = (
			);
			dependencies = (
				AB8D13C12084F6E5009EEF3E /* PBXTargetDependency */,
			);
			name = ForecastTests;
			productName = ForecastTests;
			productReference = AB8D13BF2084F6E5009EEF3E /* ForecastTests.xctest */;
			productType = "com.apple.product-type.bundle.unit-test";
		};
/* End PBXNativeTarget section */

/* Begin PBXProject section */
		AB8D13A32084F6E3009EEF3E /* Project object */ = {
			isa = PBXProject;
			attributes = {
				LastSwiftUpdateCheck = 0930;
				LastUpgradeCheck = 0930;
				ORGANIZATIONNAME = "José Valderrama";
				TargetAttributes = {
					AB8D13AA2084F6E4009EEF3E = {
						CreatedOnToolsVersion = 9.3;
					};
					AB8D13BE2084F6E5009EEF3E = {
						CreatedOnToolsVersion = 9.3;
						TestTargetID = AB8D13AA2084F6E4009EEF3E;
					};
				};
			};
			buildConfigurationList = AB8D13A62084F6E3009EEF3E /* Build configuration list for PBXProject "Forecast" */;
			compatibilityVersion = "Xcode 9.3";
			developmentRegion = en;
			hasScannedForEncodings = 0;
			knownRegions = (
				en,
				Base,
			);
			mainGroup = AB8D13A22084F6E3009EEF3E;
			productRefGroup = AB8D13AC2084F6E4009EEF3E /* Products */;
			projectDirPath = "";
			projectRoot = "";
			targets = (
				AB8D13AA2084F6E4009EEF3E /* Forecast */,
				AB8D13BE2084F6E5009EEF3E /* ForecastTests */,
			);
		};
/* End PBXProject section */

/* Begin PBXResourcesBuildPhase section */
		AB8D13A92084F6E4009EEF3E /* Resources */ = {
			isa = PBXResourcesBuildPhase;
			buildActionMask = 2147483647;
			files = (
				AB8D13B92084F6E5009EEF3E /* LaunchScreen.storyboard in Resources */,
				AB8D13B62084F6E5009EEF3E /* Assets.xcassets in Resources */,
				AB8D13B42084F6E4009EEF3E /* Main.storyboard in Resources */,
			);
			runOnlyForDeploymentPostprocessing = 0;
		};
		AB8D13BD2084F6E5009EEF3E /* Resources */ = {
			isa = PBXResourcesBuildPhase;
			buildActionMask = 2147483647;
			files = (
			);
			runOnlyForDeploymentPostprocessing = 0;
		};
/* End PBXResourcesBuildPhase section */

/* Begin PBXShellScriptBuildPhase section */
		B160B7601DFD814503E762EB /* [CP] Embed Pods Frameworks */ = {
			isa = PBXShellScriptBuildPhase;
			buildActionMask = 2147483647;
			files = (
			);
			inputPaths = (
				"${SRCROOT}/Pods/Target Support Files/Pods-Forecast/Pods-Forecast-frameworks.sh",
				"${BUILT_PRODUCTS_DIR}/Alamofire/Alamofire.framework",
				"${BUILT_PRODUCTS_DIR}/AlamofireObjectMapper/AlamofireObjectMapper.framework",
				"${BUILT_PRODUCTS_DIR}/ObjectMapper/ObjectMapper.framework",
				"${BUILT_PRODUCTS_DIR}/SVProgressHUD/SVProgressHUD.framework",
			);
			name = "[CP] Embed Pods Frameworks";
			outputPaths = (
				"${TARGET_BUILD_DIR}/${FRAMEWORKS_FOLDER_PATH}/Alamofire.framework",
				"${TARGET_BUILD_DIR}/${FRAMEWORKS_FOLDER_PATH}/AlamofireObjectMapper.framework",
				"${TARGET_BUILD_DIR}/${FRAMEWORKS_FOLDER_PATH}/ObjectMapper.framework",
				"${TARGET_BUILD_DIR}/${FRAMEWORKS_FOLDER_PATH}/SVProgressHUD.framework",
			);
			runOnlyForDeploymentPostprocessing = 0;
			shellPath = /bin/sh;
			shellScript = "\"${SRCROOT}/Pods/Target Support Files/Pods-Forecast/Pods-Forecast-frameworks.sh\"\n";
			showEnvVarsInLog = 0;
		};
		B3551CED5F54AA362550C0F3 /* [CP] Check Pods Manifest.lock */ = {
			isa = PBXShellScriptBuildPhase;
			buildActionMask = 2147483647;
			files = (
			);
			inputPaths = (
				"${PODS_PODFILE_DIR_PATH}/Podfile.lock",
				"${PODS_ROOT}/Manifest.lock",
			);
			name = "[CP] Check Pods Manifest.lock";
			outputPaths = (
				"$(DERIVED_FILE_DIR)/Pods-ForecastTests-checkManifestLockResult.txt",
			);
			runOnlyForDeploymentPostprocessing = 0;
			shellPath = /bin/sh;
			shellScript = "diff \"${PODS_PODFILE_DIR_PATH}/Podfile.lock\" \"${PODS_ROOT}/Manifest.lock\" > /dev/null\nif [ $? != 0 ] ; then\n    # print error to STDERR\n    echo \"error: The sandbox is not in sync with the Podfile.lock. Run 'pod install' or update your CocoaPods installation.\" >&2\n    exit 1\nfi\n# This output is used by Xcode 'outputs' to avoid re-running this script phase.\necho \"SUCCESS\" > \"${SCRIPT_OUTPUT_FILE_0}\"\n";
			showEnvVarsInLog = 0;
		};
		EAB9D27BFAF42E4BB516B2C7 /* [CP] Check Pods Manifest.lock */ = {
			isa = PBXShellScriptBuildPhase;
			buildActionMask = 2147483647;
			files = (
			);
			inputPaths = (
				"${PODS_PODFILE_DIR_PATH}/Podfile.lock",
				"${PODS_ROOT}/Manifest.lock",
			);
			name = "[CP] Check Pods Manifest.lock";
			outputPaths = (
				"$(DERIVED_FILE_DIR)/Pods-Forecast-checkManifestLockResult.txt",
			);
			runOnlyForDeploymentPostprocessing = 0;
			shellPath = /bin/sh;
			shellScript = "diff \"${PODS_PODFILE_DIR_PATH}/Podfile.lock\" \"${PODS_ROOT}/Manifest.lock\" > /dev/null\nif [ $? != 0 ] ; then\n    # print error to STDERR\n    echo \"error: The sandbox is not in sync with the Podfile.lock. Run 'pod install' or update your CocoaPods installation.\" >&2\n    exit 1\nfi\n# This output is used by Xcode 'outputs' to avoid re-running this script phase.\necho \"SUCCESS\" > \"${SCRIPT_OUTPUT_FILE_0}\"\n";
			showEnvVarsInLog = 0;
		};
/* End PBXShellScriptBuildPhase section */

/* Begin PBXSourcesBuildPhase section */
		AB8D13A72084F6E4009EEF3E /* Sources */ = {
			isa = PBXSourcesBuildPhase;
			buildActionMask = 2147483647;
			files = (
				AB8D13DA208500D3009EEF3E /* Forecast.swift in Sources */,
				AB8D13D82084FEC1009EEF3E /* APILayer.swift in Sources */,
				AB8D13B12084F6E4009EEF3E /* ForecastViewController.swift in Sources */,
				ABC38EE320852CDF00FF2F5E /* ForecastViewModel.swift in Sources */,
				AB8D13AF2084F6E4009EEF3E /* AppDelegate.swift in Sources */,
				AB8D13DD2085042D009EEF3E /* UIAlertController+Forecast.swift in Sources */,
			);
			runOnlyForDeploymentPostprocessing = 0;
		};
		AB8D13BB2084F6E5009EEF3E /* Sources */ = {
			isa = PBXSourcesBuildPhase;
			buildActionMask = 2147483647;
			files = (
				AB8D13C42084F6E5009EEF3E /* ForecastTests.swift in Sources */,
			);
			runOnlyForDeploymentPostprocessing = 0;
		};
/* End PBXSourcesBuildPhase section */

/* Begin PBXTargetDependency section */
		AB8D13C12084F6E5009EEF3E /* PBXTargetDependency */ = {
			isa = PBXTargetDependency;
			target = AB8D13AA2084F6E4009EEF3E /* Forecast */;
			targetProxy = AB8D13C02084F6E5009EEF3E /* PBXContainerItemProxy */;
		};
/* End PBXTargetDependency section */

/* Begin PBXVariantGroup section */
		AB8D13B22084F6E4009EEF3E /* Main.storyboard */ = {
			isa = PBXVariantGroup;
			children = (
				AB8D13B32084F6E4009EEF3E /* Base */,
			);
			name = Main.storyboard;
			sourceTree = "<group>";
		};
		AB8D13B72084F6E5009EEF3E /* LaunchScreen.storyboard */ = {
			isa = PBXVariantGroup;
			children = (
				AB8D13B82084F6E5009EEF3E /* Base */,
			);
			name = LaunchScreen.storyboard;
			sourceTree = "<group>";
		};
/* End PBXVariantGroup section */

/* Begin XCBuildConfiguration section */
		AB8D13C62084F6E5009EEF3E /* Debug */ = {
			isa = XCBuildConfiguration;
			buildSettings = {
				ALWAYS_SEARCH_USER_PATHS = NO;
				CLANG_ANALYZER_NONNULL = YES;
				CLANG_ANALYZER_NUMBER_OBJECT_CONVERSION = YES_AGGRESSIVE;
				CLANG_CXX_LANGUAGE_STANDARD = "gnu++14";
				CLANG_CXX_LIBRARY = "libc++";
				CLANG_ENABLE_MODULES = YES;
				CLANG_ENABLE_OBJC_ARC = YES;
				CLANG_ENABLE_OBJC_WEAK = YES;
				CLANG_WARN_BLOCK_CAPTURE_AUTORELEASING = YES;
				CLANG_WARN_BOOL_CONVERSION = YES;
				CLANG_WARN_COMMA = YES;
				CLANG_WARN_CONSTANT_CONVERSION = YES;
				CLANG_WARN_DEPRECATED_OBJC_IMPLEMENTATIONS = YES;
				CLANG_WARN_DIRECT_OBJC_ISA_USAGE = YES_ERROR;
				CLANG_WARN_DOCUMENTATION_COMMENTS = YES;
				CLANG_WARN_EMPTY_BODY = YES;
				CLANG_WARN_ENUM_CONVERSION = YES;
				CLANG_WARN_INFINITE_RECURSION = YES;
				CLANG_WARN_INT_CONVERSION = YES;
				CLANG_WARN_NON_LITERAL_NULL_CONVERSION = YES;
				CLANG_WARN_OBJC_IMPLICIT_RETAIN_SELF = YES;
				CLANG_WARN_OBJC_LITERAL_CONVERSION = YES;
				CLANG_WARN_OBJC_ROOT_CLASS = YES_ERROR;
				CLANG_WARN_RANGE_LOOP_ANALYSIS = YES;
				CLANG_WARN_STRICT_PROTOTYPES = YES;
				CLANG_WARN_SUSPICIOUS_MOVE = YES;
				CLANG_WARN_UNGUARDED_AVAILABILITY = YES_AGGRESSIVE;
				CLANG_WARN_UNREACHABLE_CODE = YES;
				CLANG_WARN__DUPLICATE_METHOD_MATCH = YES;
				CODE_SIGN_IDENTITY = "iPhone Developer";
				COPY_PHASE_STRIP = NO;
				DEBUG_INFORMATION_FORMAT = dwarf;
				ENABLE_STRICT_OBJC_MSGSEND = YES;
				ENABLE_TESTABILITY = YES;
				GCC_C_LANGUAGE_STANDARD = gnu11;
				GCC_DYNAMIC_NO_PIC = NO;
				GCC_NO_COMMON_BLOCKS = YES;
				GCC_OPTIMIZATION_LEVEL = 0;
				GCC_PREPROCESSOR_DEFINITIONS = (
					"DEBUG=1",
					"$(inherited)",
				);
				GCC_WARN_64_TO_32_BIT_CONVERSION = YES;
				GCC_WARN_ABOUT_RETURN_TYPE = YES_ERROR;
				GCC_WARN_UNDECLARED_SELECTOR = YES;
				GCC_WARN_UNINITIALIZED_AUTOS = YES_AGGRESSIVE;
				GCC_WARN_UNUSED_FUNCTION = YES;
				GCC_WARN_UNUSED_VARIABLE = YES;
				IPHONEOS_DEPLOYMENT_TARGET = 11.3;
				MTL_ENABLE_DEBUG_INFO = YES;
				ONLY_ACTIVE_ARCH = YES;
				SDKROOT = iphoneos;
				SWIFT_ACTIVE_COMPILATION_CONDITIONS = DEBUG;
				SWIFT_OPTIMIZATION_LEVEL = "-Onone";
			};
			name = Debug;
		};
		AB8D13C72084F6E5009EEF3E /* Release */ = {
			isa = XCBuildConfiguration;
			buildSettings = {
				ALWAYS_SEARCH_USER_PATHS = NO;
				CLANG_ANALYZER_NONNULL = YES;
				CLANG_ANALYZER_NUMBER_OBJECT_CONVERSION = YES_AGGRESSIVE;
				CLANG_CXX_LANGUAGE_STANDARD = "gnu++14";
				CLANG_CXX_LIBRARY = "libc++";
				CLANG_ENABLE_MODULES = YES;
				CLANG_ENABLE_OBJC_ARC = YES;
				CLANG_ENABLE_OBJC_WEAK = YES;
				CLANG_WARN_BLOCK_CAPTURE_AUTORELEASING = YES;
				CLANG_WARN_BOOL_CONVERSION = YES;
				CLANG_WARN_COMMA = YES;
				CLANG_WARN_CONSTANT_CONVERSION = YES;
				CLANG_WARN_DEPRECATED_OBJC_IMPLEMENTATIONS = YES;
				CLANG_WARN_DIRECT_OBJC_ISA_USAGE = YES_ERROR;
				CLANG_WARN_DOCUMENTATION_COMMENTS = YES;
				CLANG_WARN_EMPTY_BODY = YES;
				CLANG_WARN_ENUM_CONVERSION = YES;
				CLANG_WARN_INFINITE_RECURSION = YES;
				CLANG_WARN_INT_CONVERSION = YES;
				CLANG_WARN_NON_LITERAL_NULL_CONVERSION = YES;
				CLANG_WARN_OBJC_IMPLICIT_RETAIN_SELF = YES;
				CLANG_WARN_OBJC_LITERAL_CONVERSION = YES;
				CLANG_WARN_OBJC_ROOT_CLASS = YES_ERROR;
				CLANG_WARN_RANGE_LOOP_ANALYSIS = YES;
				CLANG_WARN_STRICT_PROTOTYPES = YES;
				CLANG_WARN_SUSPICIOUS_MOVE = YES;
				CLANG_WARN_UNGUARDED_AVAILABILITY = YES_AGGRESSIVE;
				CLANG_WARN_UNREACHABLE_CODE = YES;
				CLANG_WARN__DUPLICATE_METHOD_MATCH = YES;
				CODE_SIGN_IDENTITY = "iPhone Developer";
				COPY_PHASE_STRIP = NO;
				DEBUG_INFORMATION_FORMAT = "dwarf-with-dsym";
				ENABLE_NS_ASSERTIONS = NO;
				ENABLE_STRICT_OBJC_MSGSEND = YES;
				GCC_C_LANGUAGE_STANDARD = gnu11;
				GCC_NO_COMMON_BLOCKS = YES;
				GCC_WARN_64_TO_32_BIT_CONVERSION = YES;
				GCC_WARN_ABOUT_RETURN_TYPE = YES_ERROR;
				GCC_WARN_UNDECLARED_SELECTOR = YES;
				GCC_WARN_UNINITIALIZED_AUTOS = YES_AGGRESSIVE;
				GCC_WARN_UNUSED_FUNCTION = YES;
				GCC_WARN_UNUSED_VARIABLE = YES;
				IPHONEOS_DEPLOYMENT_TARGET = 11.3;
				MTL_ENABLE_DEBUG_INFO = NO;
				SDKROOT = iphoneos;
				SWIFT_COMPILATION_MODE = wholemodule;
				SWIFT_OPTIMIZATION_LEVEL = "-O";
				VALIDATE_PRODUCT = YES;
			};
			name = Release;
		};
		AB8D13C92084F6E5009EEF3E /* Debug */ = {
			isa = XCBuildConfiguration;
			baseConfigurationReference = 4C5F641F2AA6F21F5864F2B5 /* Pods-Forecast.debug.xcconfig */;
			buildSettings = {
				ASSETCATALOG_COMPILER_APPICON_NAME = AppIcon;
				CODE_SIGN_STYLE = Automatic;
				DEVELOPMENT_TEAM = "";
				INFOPLIST_FILE = "$(SRCROOT)/Forecast/Supporting Files/Info.plist";
				IPHONEOS_DEPLOYMENT_TARGET = 9.0;
				LD_RUNPATH_SEARCH_PATHS = (
					"$(inherited)",
					"@executable_path/Frameworks",
				);
				PRODUCT_BUNDLE_IDENTIFIER = josevalderrama.iostest.Forecast;
				PRODUCT_NAME = "$(TARGET_NAME)";
				SWIFT_VERSION = 4.0;
				TARGETED_DEVICE_FAMILY = "1,2";
			};
			name = Debug;
		};
		AB8D13CA2084F6E5009EEF3E /* Release */ = {
			isa = XCBuildConfiguration;
			baseConfigurationReference = 815EA332EAF86A54384E7671 /* Pods-Forecast.release.xcconfig */;
			buildSettings = {
				ASSETCATALOG_COMPILER_APPICON_NAME = AppIcon;
				CODE_SIGN_STYLE = Automatic;
				DEVELOPMENT_TEAM = "";
				INFOPLIST_FILE = "$(SRCROOT)/Forecast/Supporting Files/Info.plist";
				IPHONEOS_DEPLOYMENT_TARGET = 9.0;
				LD_RUNPATH_SEARCH_PATHS = (
					"$(inherited)",
					"@executable_path/Frameworks",
				);
				PRODUCT_BUNDLE_IDENTIFIER = josevalderrama.iostest.Forecast;
				PRODUCT_NAME = "$(TARGET_NAME)";
				SWIFT_VERSION = 4.0;
				TARGETED_DEVICE_FAMILY = "1,2";
			};
			name = Release;
		};
		AB8D13CC2084F6E5009EEF3E /* Debug */ = {
			isa = XCBuildConfiguration;
			baseConfigurationReference = 98997B378CF1A513640DDC1C /* Pods-ForecastTests.debug.xcconfig */;
			buildSettings = {
				ALWAYS_EMBED_SWIFT_STANDARD_LIBRARIES = YES;
				BUNDLE_LOADER = "$(TEST_HOST)";
				CODE_SIGN_STYLE = Automatic;
				INFOPLIST_FILE = ForecastTests/Info.plist;
				LD_RUNPATH_SEARCH_PATHS = (
					"$(inherited)",
					"@executable_path/Frameworks",
					"@loader_path/Frameworks",
				);
				PRODUCT_BUNDLE_IDENTIFIER = josevalderrama.iostest.ForecastTests;
				PRODUCT_NAME = "$(TARGET_NAME)";
				SWIFT_VERSION = 4.0;
				TARGETED_DEVICE_FAMILY = "1,2";
				TEST_HOST = "$(BUILT_PRODUCTS_DIR)/Forecast.app/Forecast";
			};
			name = Debug;
		};
		AB8D13CD2084F6E5009EEF3E /* Release */ = {
			isa = XCBuildConfiguration;
			baseConfigurationReference = D4BE77AEEDFC03BA44E6D8D8 /* Pods-ForecastTests.release.xcconfig */;
			buildSettings = {
				ALWAYS_EMBED_SWIFT_STANDARD_LIBRARIES = YES;
				BUNDLE_LOADER = "$(TEST_HOST)";
				CODE_SIGN_STYLE = Automatic;
				INFOPLIST_FILE = ForecastTests/Info.plist;
				LD_RUNPATH_SEARCH_PATHS = (
					"$(inherited)",
					"@executable_path/Frameworks",
					"@loader_path/Frameworks",
				);
				PRODUCT_BUNDLE_IDENTIFIER = josevalderrama.iostest.ForecastTests;
				PRODUCT_NAME = "$(TARGET_NAME)";
				SWIFT_VERSION = 4.0;
				TARGETED_DEVICE_FAMILY = "1,2";
				TEST_HOST = "$(BUILT_PRODUCTS_DIR)/Forecast.app/Forecast";
			};
			name = Release;
		};
/* End XCBuildConfiguration section */

/* Begin XCConfigurationList section */
		AB8D13A62084F6E3009EEF3E /* Build configuration list for PBXProject "Forecast" */ = {
			isa = XCConfigurationList;
			buildConfigurations = (
				AB8D13C62084F6E5009EEF3E /* Debug */,
				AB8D13C72084F6E5009EEF3E /* Release */,
			);
			defaultConfigurationIsVisible = 0;
			defaultConfigurationName = Release;
		};
		AB8D13C82084F6E5009EEF3E /* Build configuration list for PBXNativeTarget "Forecast" */ = {
			isa = XCConfigurationList;
			buildConfigurations = (
				AB8D13C92084F6E5009EEF3E /* Debug */,
				AB8D13CA2084F6E5009EEF3E /* Release */,
			);
			defaultConfigurationIsVisible = 0;
			defaultConfigurationName = Release;
		};
		AB8D13CB2084F6E5009EEF3E /* Build configuration list for PBXNativeTarget "ForecastTests" */ = {
			isa = XCConfigurationList;
			buildConfigurations = (
				AB8D13CC2084F6E5009EEF3E /* Debug */,
				AB8D13CD2084F6E5009EEF3E /* Release */,
			);
			defaultConfigurationIsVisible = 0;
			defaultConfigurationName = Release;
		};
/* End XCConfigurationList section */
	};
	rootObject = AB8D13A32084F6E3009EEF3E /* Project object */;
}
